
Microsoft Visual Studio Solution File, Format Version 12.00
# Visual Studio 15
VisualStudioVersion = 15.0.26124.0
MinimumVisualStudioVersion = 15.0.26124.0
Project("{2150E333-8FDC-42A3-9474-1A3956D46DE8}") = "Code", "Code", "{20A6C460-5590-4AD8-9383-980352E14E72}"
EndProject
Project("{FAE04EC0-301F-11D3-BF4B-00C04F79EFBC}") = "Dotnetwithmongo.Api", "Code\Dotnetwithmongo.Api\Dotnetwithmongo.Api.csproj", "{089FEDDD-EAAD-4854-B02F-A3A228BDC7D2}"
EndProject
Project("{FAE04EC0-301F-11D3-BF4B-00C04F79EFBC}") = "Dotnetwithmongo.BusinessEntities", "Code\Dotnetwithmongo.BusinessEntities\Dotnetwithmongo.BusinessEntities.csproj", "{AD00341D-A9D4-4353-B667-072044615FF9}"
EndProject
Project("{FAE04EC0-301F-11D3-BF4B-00C04F79EFBC}") = "Dotnetwithmongo.BusinessServices", "Code\Dotnetwithmongo.BusinessServices\Dotnetwithmongo.BusinessServices.csproj", "{34BCC842-CFA5-4A31-8855-995AFE75BCB5}"
EndProject
Project("{FAE04EC0-301F-11D3-BF4B-00C04F79EFBC}") = "Dotnetwithmongo.Contracts", "Code\Dotnetwithmongo.Contracts\Dotnetwithmongo.Contracts.csproj", "{30A07A01-78AA-4FEF-9A5A-15E3400C4FBF}"
EndProject
Project("{FAE04EC0-301F-11D3-BF4B-00C04F79EFBC}") = "Dotnetwithmongo.Data", "Code\Dotnetwithmongo.Data\Dotnetwithmongo.Data.csproj", "{08B9AC09-A302-4516-9C91-DDFFFB4F4CAC}"
EndProject
Project("{FAE04EC0-301F-11D3-BF4B-00C04F79EFBC}") = "Dotnetwithmongo.Test.Api", "Code\Dotnetwithmongo.Test.Api\Dotnetwithmongo.Test.Api.csproj", "{21567037-A861-4F2D-BA9B-4CECAD5166A4}"
EndProject
Project("{FAE04EC0-301F-11D3-BF4B-00C04F79EFBC}") = "Dotnetwithmongo.Test.Business", "Code\Dotnetwithmongo.Test.Business\Dotnetwithmongo.Test.Business.csproj", "{73A1E8CA-D7FE-4185-A2A6-A8411DE32882}"
EndProject
Project("{FAE04EC0-301F-11D3-BF4B-00C04F79EFBC}") = "Dotnetwithmongo.Test.Framework", "Code\Dotnetwithmongo.Test.Framework\Dotnetwithmongo.Test.Framework.csproj", "{D9BC2890-720D-4688-929D-6520E7D2E57E}"
EndProject
Project("{2150E333-8FDC-42A3-9474-1A3956D46DE8}") = "Test", "Test", "{80A5E31F-F878-4A82-9322-C79769B664FE}"
EndProject
Global
	GlobalSection(SolutionConfigurationPlatforms) = preSolution
		Debug|Any CPU = Debug|Any CPU
		Debug|x64 = Debug|x64
		Debug|x86 = Debug|x86
		Release|Any CPU = Release|Any CPU
		Release|x64 = Release|x64
		Release|x86 = Release|x86
	EndGlobalSection
	GlobalSection(SolutionProperties) = preSolution
		HideSolutionNode = FALSE
	EndGlobalSection
	GlobalSection(ProjectConfigurationPlatforms) = postSolution
		{089FEDDD-EAAD-4854-B02F-A3A228BDC7D2}.Debug|Any CPU.ActiveCfg = Debug|Any CPU
		{089FEDDD-EAAD-4854-B02F-A3A228BDC7D2}.Debug|Any CPU.Build.0 = Debug|Any CPU
		{089FEDDD-EAAD-4854-B02F-A3A228BDC7D2}.Debug|x64.ActiveCfg = Debug|Any CPU
		{089FEDDD-EAAD-4854-B02F-A3A228BDC7D2}.Debug|x64.Build.0 = Debug|Any CPU
		{089FEDDD-EAAD-4854-B02F-A3A228BDC7D2}.Debug|x86.ActiveCfg = Debug|Any CPU
		{089FEDDD-EAAD-4854-B02F-A3A228BDC7D2}.Debug|x86.Build.0 = Debug|Any CPU
		{089FEDDD-EAAD-4854-B02F-A3A228BDC7D2}.Release|Any CPU.ActiveCfg = Release|Any CPU
		{089FEDDD-EAAD-4854-B02F-A3A228BDC7D2}.Release|Any CPU.Build.0 = Release|Any CPU
		{089FEDDD-EAAD-4854-B02F-A3A228BDC7D2}.Release|x64.ActiveCfg = Release|Any CPU
		{089FEDDD-EAAD-4854-B02F-A3A228BDC7D2}.Release|x64.Build.0 = Release|Any CPU
		{089FEDDD-EAAD-4854-B02F-A3A228BDC7D2}.Release|x86.ActiveCfg = Release|Any CPU
		{089FEDDD-EAAD-4854-B02F-A3A228BDC7D2}.Release|x86.Build.0 = Release|Any CPU
		{AD00341D-A9D4-4353-B667-072044615FF9}.Debug|Any CPU.ActiveCfg = Debug|Any CPU
		{AD00341D-A9D4-4353-B667-072044615FF9}.Debug|Any CPU.Build.0 = Debug|Any CPU
		{AD00341D-A9D4-4353-B667-072044615FF9}.Debug|x64.ActiveCfg = Debug|Any CPU
		{AD00341D-A9D4-4353-B667-072044615FF9}.Debug|x64.Build.0 = Debug|Any CPU
		{AD00341D-A9D4-4353-B667-072044615FF9}.Debug|x86.ActiveCfg = Debug|Any CPU
		{AD00341D-A9D4-4353-B667-072044615FF9}.Debug|x86.Build.0 = Debug|Any CPU
		{AD00341D-A9D4-4353-B667-072044615FF9}.Release|Any CPU.ActiveCfg = Release|Any CPU
		{AD00341D-A9D4-4353-B667-072044615FF9}.Release|Any CPU.Build.0 = Release|Any CPU
		{AD00341D-A9D4-4353-B667-072044615FF9}.Release|x64.ActiveCfg = Release|Any CPU
		{AD00341D-A9D4-4353-B667-072044615FF9}.Release|x64.Build.0 = Release|Any CPU
		{AD00341D-A9D4-4353-B667-072044615FF9}.Release|x86.ActiveCfg = Release|Any CPU
		{AD00341D-A9D4-4353-B667-072044615FF9}.Release|x86.Build.0 = Release|Any CPU
		{34BCC842-CFA5-4A31-8855-995AFE75BCB5}.Debug|Any CPU.ActiveCfg = Debug|Any CPU
		{34BCC842-CFA5-4A31-8855-995AFE75BCB5}.Debug|Any CPU.Build.0 = Debug|Any CPU
		{34BCC842-CFA5-4A31-8855-995AFE75BCB5}.Debug|x64.ActiveCfg = Debug|Any CPU
		{34BCC842-CFA5-4A31-8855-995AFE75BCB5}.Debug|x64.Build.0 = Debug|Any CPU
		{34BCC842-CFA5-4A31-8855-995AFE75BCB5}.Debug|x86.ActiveCfg = Debug|Any CPU
		{34BCC842-CFA5-4A31-8855-995AFE75BCB5}.Debug|x86.Build.0 = Debug|Any CPU
		{34BCC842-CFA5-4A31-8855-995AFE75BCB5}.Release|Any CPU.ActiveCfg = Release|Any CPU
		{34BCC842-CFA5-4A31-8855-995AFE75BCB5}.Release|Any CPU.Build.0 = Release|Any CPU
		{34BCC842-CFA5-4A31-8855-995AFE75BCB5}.Release|x64.ActiveCfg = Release|Any CPU
		{34BCC842-CFA5-4A31-8855-995AFE75BCB5}.Release|x64.Build.0 = Release|Any CPU
		{34BCC842-CFA5-4A31-8855-995AFE75BCB5}.Release|x86.ActiveCfg = Release|Any CPU
		{34BCC842-CFA5-4A31-8855-995AFE75BCB5}.Release|x86.Build.0 = Release|Any CPU
		{30A07A01-78AA-4FEF-9A5A-15E3400C4FBF}.Debug|Any CPU.ActiveCfg = Debug|Any CPU
		{30A07A01-78AA-4FEF-9A5A-15E3400C4FBF}.Debug|Any CPU.Build.0 = Debug|Any CPU
		{30A07A01-78AA-4FEF-9A5A-15E3400C4FBF}.Debug|x64.ActiveCfg = Debug|Any CPU
		{30A07A01-78AA-4FEF-9A5A-15E3400C4FBF}.Debug|x64.Build.0 = Debug|Any CPU
		{30A07A01-78AA-4FEF-9A5A-15E3400C4FBF}.Debug|x86.ActiveCfg = Debug|Any CPU
		{30A07A01-78AA-4FEF-9A5A-15E3400C4FBF}.Debug|x86.Build.0 = Debug|Any CPU
		{30A07A01-78AA-4FEF-9A5A-15E3400C4FBF}.Release|Any CPU.ActiveCfg = Release|Any CPU
		{30A07A01-78AA-4FEF-9A5A-15E3400C4FBF}.Release|Any CPU.Build.0 = Release|Any CPU
		{30A07A01-78AA-4FEF-9A5A-15E3400C4FBF}.Release|x64.ActiveCfg = Release|Any CPU
		{30A07A01-78AA-4FEF-9A5A-15E3400C4FBF}.Release|x64.Build.0 = Release|Any CPU
		{30A07A01-78AA-4FEF-9A5A-15E3400C4FBF}.Release|x86.ActiveCfg = Release|Any CPU
		{30A07A01-78AA-4FEF-9A5A-15E3400C4FBF}.Release|x86.Build.0 = Release|Any CPU
		{08B9AC09-A302-4516-9C91-DDFFFB4F4CAC}.Debug|Any CPU.ActiveCfg = Debug|Any CPU
		{08B9AC09-A302-4516-9C91-DDFFFB4F4CAC}.Debug|Any CPU.Build.0 = Debug|Any CPU
		{08B9AC09-A302-4516-9C91-DDFFFB4F4CAC}.Debug|x64.ActiveCfg = Debug|Any CPU
		{08B9AC09-A302-4516-9C91-DDFFFB4F4CAC}.Debug|x64.Build.0 = Debug|Any CPU
		{08B9AC09-A302-4516-9C91-DDFFFB4F4CAC}.Debug|x86.ActiveCfg = Debug|Any CPU
		{08B9AC09-A302-4516-9C91-DDFFFB4F4CAC}.Debug|x86.Build.0 = Debug|Any CPU
		{08B9AC09-A302-4516-9C91-DDFFFB4F4CAC}.Release|Any CPU.ActiveCfg = Release|Any CPU
		{08B9AC09-A302-4516-9C91-DDFFFB4F4CAC}.Release|Any CPU.Build.0 = Release|Any CPU
		{08B9AC09-A302-4516-9C91-DDFFFB4F4CAC}.Release|x64.ActiveCfg = Release|Any CPU
		{08B9AC09-A302-4516-9C91-DDFFFB4F4CAC}.Release|x64.Build.0 = Release|Any CPU
		{08B9AC09-A302-4516-9C91-DDFFFB4F4CAC}.Release|x86.ActiveCfg = Release|Any CPU
		{08B9AC09-A302-4516-9C91-DDFFFB4F4CAC}.Release|x86.Build.0 = Release|Any CPU
		{21567037-A861-4F2D-BA9B-4CECAD5166A4}.Debug|Any CPU.ActiveCfg = Debug|Any CPU
		{21567037-A861-4F2D-BA9B-4CECAD5166A4}.Debug|Any CPU.Build.0 = Debug|Any CPU
		{21567037-A861-4F2D-BA9B-4CECAD5166A4}.Debug|x64.ActiveCfg = Debug|Any CPU
		{21567037-A861-4F2D-BA9B-4CECAD5166A4}.Debug|x64.Build.0 = Debug|Any CPU
		{21567037-A861-4F2D-BA9B-4CECAD5166A4}.Debug|x86.ActiveCfg = Debug|Any CPU
		{21567037-A861-4F2D-BA9B-4CECAD5166A4}.Debug|x86.Build.0 = Debug|Any CPU
		{21567037-A861-4F2D-BA9B-4CECAD5166A4}.Release|Any CPU.ActiveCfg = Release|Any CPU
		{21567037-A861-4F2D-BA9B-4CECAD5166A4}.Release|Any CPU.Build.0 = Release|Any CPU
		{21567037-A861-4F2D-BA9B-4CECAD5166A4}.Release|x64.ActiveCfg = Release|Any CPU
		{21567037-A861-4F2D-BA9B-4CECAD5166A4}.Release|x64.Build.0 = Release|Any CPU
		{21567037-A861-4F2D-BA9B-4CECAD5166A4}.Release|x86.ActiveCfg = Release|Any CPU
		{21567037-A861-4F2D-BA9B-4CECAD5166A4}.Release|x86.Build.0 = Release|Any CPU
		{73A1E8CA-D7FE-4185-A2A6-A8411DE32882}.Debug|Any CPU.ActiveCfg = Debug|Any CPU
		{73A1E8CA-D7FE-4185-A2A6-A8411DE32882}.Debug|Any CPU.Build.0 = Debug|Any CPU
		{73A1E8CA-D7FE-4185-A2A6-A8411DE32882}.Debug|x64.ActiveCfg = Debug|Any CPU
		{73A1E8CA-D7FE-4185-A2A6-A8411DE32882}.Debug|x64.Build.0 = Debug|Any CPU
		{73A1E8CA-D7FE-4185-A2A6-A8411DE32882}.Debug|x86.ActiveCfg = Debug|Any CPU
		{73A1E8CA-D7FE-4185-A2A6-A8411DE32882}.Debug|x86.Build.0 = Debug|Any CPU
		{73A1E8CA-D7FE-4185-A2A6-A8411DE32882}.Release|Any CPU.ActiveCfg = Release|Any CPU
		{73A1E8CA-D7FE-4185-A2A6-A8411DE32882}.Release|Any CPU.Build.0 = Release|Any CPU
		{73A1E8CA-D7FE-4185-A2A6-A8411DE32882}.Release|x64.ActiveCfg = Release|Any CPU
		{73A1E8CA-D7FE-4185-A2A6-A8411DE32882}.Release|x64.Build.0 = Release|Any CPU
		{73A1E8CA-D7FE-4185-A2A6-A8411DE32882}.Release|x86.ActiveCfg = Release|Any CPU
		{73A1E8CA-D7FE-4185-A2A6-A8411DE32882}.Release|x86.Build.0 = Release|Any CPU
		{D9BC2890-720D-4688-929D-6520E7D2E57E}.Debug|Any CPU.ActiveCfg = Debug|Any CPU
		{D9BC2890-720D-4688-929D-6520E7D2E57E}.Debug|Any CPU.Build.0 = Debug|Any CPU
		{D9BC2890-720D-4688-929D-6520E7D2E57E}.Debug|x64.ActiveCfg = Debug|Any CPU
		{D9BC2890-720D-4688-929D-6520E7D2E57E}.Debug|x64.Build.0 = Debug|Any CPU
		{D9BC2890-720D-4688-929D-6520E7D2E57E}.Debug|x86.ActiveCfg = Debug|Any CPU
		{D9BC2890-720D-4688-929D-6520E7D2E57E}.Debug|x86.Build.0 = Debug|Any CPU
		{D9BC2890-720D-4688-929D-6520E7D2E57E}.Release|Any CPU.ActiveCfg = Release|Any CPU
		{D9BC2890-720D-4688-929D-6520E7D2E57E}.Release|Any CPU.Build.0 = Release|Any CPU
		{D9BC2890-720D-4688-929D-6520E7D2E57E}.Release|x64.ActiveCfg = Release|Any CPU
		{D9BC2890-720D-4688-929D-6520E7D2E57E}.Release|x64.Build.0 = Release|Any CPU
		{D9BC2890-720D-4688-929D-6520E7D2E57E}.Release|x86.ActiveCfg = Release|Any CPU
		{D9BC2890-720D-4688-929D-6520E7D2E57E}.Release|x86.Build.0 = Release|Any CPU
	EndGlobalSection
	GlobalSection(NestedProjects) = preSolution
		{089FEDDD-EAAD-4854-B02F-A3A228BDC7D2} = {20A6C460-5590-4AD8-9383-980352E14E72}
		{AD00341D-A9D4-4353-B667-072044615FF9} = {20A6C460-5590-4AD8-9383-980352E14E72}
		{34BCC842-CFA5-4A31-8855-995AFE75BCB5} = {20A6C460-5590-4AD8-9383-980352E14E72}
		{30A07A01-78AA-4FEF-9A5A-15E3400C4FBF} = {20A6C460-5590-4AD8-9383-980352E14E72}
		{08B9AC09-A302-4516-9C91-DDFFFB4F4CAC} = {20A6C460-5590-4AD8-9383-980352E14E72}
		{21567037-A861-4F2D-BA9B-4CECAD5166A4} = {80A5E31F-F878-4A82-9322-C79769B664FE}
		{73A1E8CA-D7FE-4185-A2A6-A8411DE32882} = {80A5E31F-F878-4A82-9322-C79769B664FE}
		{D9BC2890-720D-4688-929D-6520E7D2E57E} = {80A5E31F-F878-4A82-9322-C79769B664FE}
	EndGlobalSection
EndGlobal
